
Microsoft Visual Studio Solution File, Format Version 12.00
# Visual Studio Version 17
VisualStudioVersion = 17.7.34202.233
MinimumVisualStudioVersion = 10.0.40219.1
Project("{FAE04EC0-301F-11D3-BF4B-00C04F79EFBC}") = "ClassLibrary1", "ClassLibrary1\ClassLibrary1.csproj", "{F1BDC7CB-F5BF-443C-8C5A-2C0CC594C9B3}"
EndProject
Global
	GlobalSection(SolutionConfigurationPlatforms) = preSolution
		Debug|Any CPU = Debug|Any CPU
		Release|Any CPU = Release|Any CPU
	EndGlobalSection
	GlobalSection(ProjectConfigurationPlatforms) = postSolution
		{F1BDC7CB-F5BF-443C-8C5A-2C0CC594C9B3}.Debug|Any CPU.ActiveCfg = Debug|Any CPU
		{F1BDC7CB-F5BF-443C-8C5A-2C0CC594C9B3}.Debug|Any CPU.Build.0 = Debug|Any CPU
		{F1BDC7CB-F5BF-443C-8C5A-2C0CC594C9B3}.Release|Any CPU.ActiveCfg = Release|Any CPU
		{F1BDC7CB-F5BF-443C-8C5A-2C0CC594C9B3}.Release|Any CPU.Build.0 = Release|Any CPU
	EndGlobalSection
	GlobalSection(SolutionProperties) = preSolution
		HideSolutionNode = FALSE
	EndGlobalSection
	GlobalSection(ExtensibilityGlobals) = postSolution
		SolutionGuid = {5E5EF43A-E045-427D-9613-8A491F5403E4}
	EndGlobalSection
EndGlobal
