
Microsoft Visual Studio Solution File, Format Version 12.00
# Visual Studio Version 17
VisualStudioVersion = 17.7.34202.233
MinimumVisualStudioVersion = 10.0.40219.1
Project("{FAE04EC0-301F-11D3-BF4B-00C04F79EFBC}") = "appMonitorCLR2", "appMonitorCLR2\appMonitorCLR2.csproj", "{34E959A5-71EE-492A-B173-382D1F00F111}"
EndProject
Global
	GlobalSection(SolutionConfigurationPlatforms) = preSolution
		Debug|Any CPU = Debug|Any CPU
		Release|Any CPU = Release|Any CPU
	EndGlobalSection
	GlobalSection(ProjectConfigurationPlatforms) = postSolution
		{34E959A5-71EE-492A-B173-382D1F00F111}.Debug|Any CPU.ActiveCfg = Debug|Any CPU
		{34E959A5-71EE-492A-B173-382D1F00F111}.Debug|Any CPU.Build.0 = Debug|Any CPU
		{34E959A5-71EE-492A-B173-382D1F00F111}.Release|Any CPU.ActiveCfg = Release|Any CPU
		{34E959A5-71EE-492A-B173-382D1F00F111}.Release|Any CPU.Build.0 = Release|Any CPU
	EndGlobalSection
	GlobalSection(SolutionProperties) = preSolution
		HideSolutionNode = FALSE
	EndGlobalSection
	GlobalSection(ExtensibilityGlobals) = postSolution
		SolutionGuid = {50D383F6-AE40-4AD8-A382-52BE7F6F855F}
	EndGlobalSection
EndGlobal
